
Microsoft Visual Studio Solution File, Format Version 12.00
# Visual Studio Version 17
VisualStudioVersion = 17.2.32616.157
MinimumVisualStudioVersion = 10.0.40219.1
Project("{FAE04EC0-301F-11D3-BF4B-00C04F79EFBC}") = "AuthServer", "AuthServer\AuthServer.csproj", "{98CA1BDF-5E6F-4361-8F01-6BF68F530E1A}"
EndProject
Global
	GlobalSection(SolutionConfigurationPlatforms) = preSolution
		Debug|Any CPU = Debug|Any CPU
		Release|Any CPU = Release|Any CPU
	EndGlobalSection
	GlobalSection(ProjectConfigurationPlatforms) = postSolution
		{98CA1BDF-5E6F-4361-8F01-6BF68F530E1A}.Debug|Any CPU.ActiveCfg = Debug|Any CPU
		{98CA1BDF-5E6F-4361-8F01-6BF68F530E1A}.Debug|Any CPU.Build.0 = Debug|Any CPU
		{98CA1BDF-5E6F-4361-8F01-6BF68F530E1A}.Release|Any CPU.ActiveCfg = Release|Any CPU
		{98CA1BDF-5E6F-4361-8F01-6BF68F530E1A}.Release|Any CPU.Build.0 = Release|Any CPU
	EndGlobalSection
	GlobalSection(SolutionProperties) = preSolution
		HideSolutionNode = FALSE
	EndGlobalSection
	GlobalSection(ExtensibilityGlobals) = postSolution
		SolutionGuid = {E88625F8-82E2-4F11-9669-433D90218003}
	EndGlobalSection
EndGlobal
